Microsoft Visual Studio Solution File, Format Version 12.00
# Visual Studio 2012
Project("{FAE04EC0-301F-11D3-BF4B-00C04F79EFBC}") = "Monster Tamer Roguelite", "Monster Tamer Roguelite.csproj", "{D846BAD4-7255-4789-A9DB-3CF9EDB0D4DB}"
EndProject
Global
	GlobalSection(SolutionConfigurationPlatforms) = preSolution
	Debug|Any CPU = Debug|Any CPU
	ExportDebug|Any CPU = ExportDebug|Any CPU
	ExportRelease|Any CPU = ExportRelease|Any CPU
	EndGlobalSection
	GlobalSection(ProjectConfigurationPlatforms) = postSolution
		{D846BAD4-7255-4789-A9DB-3CF9EDB0D4DB}.Debug|Any CPU.ActiveCfg = Debug|Any CPU
		{D846BAD4-7255-4789-A9DB-3CF9EDB0D4DB}.Debug|Any CPU.Build.0 = Debug|Any CPU
		{D846BAD4-7255-4789-A9DB-3CF9EDB0D4DB}.ExportDebug|Any CPU.ActiveCfg = ExportDebug|Any CPU
		{D846BAD4-7255-4789-A9DB-3CF9EDB0D4DB}.ExportDebug|Any CPU.Build.0 = ExportDebug|Any CPU
		{D846BAD4-7255-4789-A9DB-3CF9EDB0D4DB}.ExportRelease|Any CPU.ActiveCfg = ExportRelease|Any CPU
		{D846BAD4-7255-4789-A9DB-3CF9EDB0D4DB}.ExportRelease|Any CPU.Build.0 = ExportRelease|Any CPU
	EndGlobalSection
EndGlobal
